
Microsoft Visual Studio Solution File, Format Version 12.00
# Visual Studio Version 16
VisualStudioVersion = 16.0.29709.97
MinimumVisualStudioVersion = 10.0.40219.1
Project("{FAE04EC0-301F-11D3-BF4B-00C04F79EFBC}") = "WorkshopACCICore", "WorkshopACCICore\WorkshopACCICore.csproj", "{7B7DEB62-5175-4B14-B9E4-789BFC3BE7E5}"
EndProject
Global
	GlobalSection(SolutionConfigurationPlatforms) = preSolution
		Debug|Any CPU = Debug|Any CPU
		Release|Any CPU = Release|Any CPU
	EndGlobalSection
	GlobalSection(ProjectConfigurationPlatforms) = postSolution
		{7B7DEB62-5175-4B14-B9E4-789BFC3BE7E5}.Debug|Any CPU.ActiveCfg = Debug|Any CPU
		{7B7DEB62-5175-4B14-B9E4-789BFC3BE7E5}.Debug|Any CPU.Build.0 = Debug|Any CPU
		{7B7DEB62-5175-4B14-B9E4-789BFC3BE7E5}.Release|Any CPU.ActiveCfg = Release|Any CPU
		{7B7DEB62-5175-4B14-B9E4-789BFC3BE7E5}.Release|Any CPU.Build.0 = Release|Any CPU
	EndGlobalSection
	GlobalSection(SolutionProperties) = preSolution
		HideSolutionNode = FALSE
	EndGlobalSection
	GlobalSection(ExtensibilityGlobals) = postSolution
		SolutionGuid = {DF71F882-856F-47BC-AA2A-89637692C51E}
	EndGlobalSection
EndGlobal
